// !$*UTF8*$!
{
	archiveVersion = 1;
	classes = {
	};
	objectVersion = 50;
	objects = {

/* Begin PBXBuildFile section */
		F30C02F6235E273000637608 /* Player.swift in Sources */ = {isa = PBXBuildFile; fileRef = F30C02F5235E273000637608 /* Player.swift */; };
		F30C02F8235E279900637608 /* Warrior.swift in Sources */ = {isa = PBXBuildFile; fileRef = F30C02F7235E279900637608 /* Warrior.swift */; };
		F30C02FA235E282B00637608 /* GameManager.swift in Sources */ = {isa = PBXBuildFile; fileRef = F30C02F9235E282B00637608 /* GameManager.swift */; };
		F30C38BD231D8B5D00719B10 /* main.swift in Sources */ = {isa = PBXBuildFile; fileRef = F30C38BC231D8B5D00719B10 /* main.swift */; };
		F33F94D923608C2400262618 /* Archer.swift in Sources */ = {isa = PBXBuildFile; fileRef = F33F94D823608C2400262618 /* Archer.swift */; };
		F33F94DB23609FEC00262618 /* Magus.swift in Sources */ = {isa = PBXBuildFile; fileRef = F33F94DA23609FEC00262618 /* Magus.swift */; };
		F33F94DD23609FFC00262618 /* Knight.swift in Sources */ = {isa = PBXBuildFile; fileRef = F33F94DC23609FFC00262618 /* Knight.swift */; };
		F33F94DF2360A00F00262618 /* Barbarian.swift in Sources */ = {isa = PBXBuildFile; fileRef = F33F94DE2360A00F00262618 /* Barbarian.swift */; };
		F38BAC0223662756008D3629 /* Weapon.swift in Sources */ = {isa = PBXBuildFile; fileRef = F38BAC0123662756008D3629 /* Weapon.swift */; };
/* End PBXBuildFile section */

/* Begin PBXCopyFilesBuildPhase section */
		F30C38B7231D8B5C00719B10 /* CopyFiles */ = {
			isa = PBXCopyFilesBuildPhase;
			buildActionMask = 2147483647;
			dstPath = /usr/share/man/man1/;
			dstSubfolderSpec = 0;
			files = (
			);
			runOnlyForDeploymentPostprocessing = 1;
		};
/* End PBXCopyFilesBuildPhase section */

/* Begin PBXFileReference section */
		F30C02F5235E273000637608 /* Player.swift */ = {isa = PBXFileReference; lastKnownFileType = sourcecode.swift; path = Player.swift; sourceTree = "<group>"; };
		F30C02F7235E279900637608 /* Warrior.swift */ = {isa = PBXFileReference; lastKnownFileType = sourcecode.swift; path = Warrior.swift; sourceTree = "<group>"; };
		F30C02F9235E282B00637608 /* GameManager.swift */ = {isa = PBXFileReference; lastKnownFileType = sourcecode.swift; path = GameManager.swift; sourceTree = "<group>"; };
		F30C38B9231D8B5D00719B10 /* FrenchGameFactory */ = {isa = PBXFileReference; explicitFileType = "compiled.mach-o.executable"; includeInIndex = 0; path = FrenchGameFactory; sourceTree = BUILT_PRODUCTS_DIR; };
		F30C38BC231D8B5D00719B10 /* main.swift */ = {isa = PBXFileReference; lastKnownFileType = sourcecode.swift; path = main.swift; sourceTree = "<group>"; };
		F33F94D823608C2400262618 /* Archer.swift */ = {isa = PBXFileReference; lastKnownFileType = sourcecode.swift; path = Archer.swift; sourceTree = "<group>"; };
		F33F94DA23609FEC00262618 /* Magus.swift */ = {isa = PBXFileReference; lastKnownFileType = sourcecode.swift; path = Magus.swift; sourceTree = "<group>"; };
		F33F94DC23609FFC00262618 /* Knight.swift */ = {isa = PBXFileReference; lastKnownFileType = sourcecode.swift; path = Knight.swift; sourceTree = "<group>"; };
		F33F94DE2360A00F00262618 /* Barbarian.swift */ = {isa = PBXFileReference; lastKnownFileType = sourcecode.swift; path = Barbarian.swift; sourceTree = "<group>"; };
		F38BAC0123662756008D3629 /* Weapon.swift */ = {isa = PBXFileReference; lastKnownFileType = sourcecode.swift; path = Weapon.swift; sourceTree = "<group>"; };
/* End PBXFileReference section */

/* Begin PBXFrameworksBuildPhase section */
		F30C38B6231D8B5C00719B10 /* Frameworks */ = {
			isa = PBXFrameworksBuildPhase;
			buildActionMask = 2147483647;
			files = (
			);
			runOnlyForDeploymentPostprocessing = 0;
		};
/* End PBXFrameworksBuildPhase section */

/* Begin PBXGroup section */
		F30C38B0231D8B5C00719B10 = {
			isa = PBXGroup;
			children = (
				F30C38BB231D8B5D00719B10 /* FrenchGameFactory */,
				F30C38BA231D8B5D00719B10 /* Products */,
			);
			sourceTree = "<group>";
		};
		F30C38BA231D8B5D00719B10 /* Products */ = {
			isa = PBXGroup;
			children = (
				F30C38B9231D8B5D00719B10 /* FrenchGameFactory */,
			);
			name = Products;
			sourceTree = "<group>";
		};
		F30C38BB231D8B5D00719B10 /* FrenchGameFactory */ = {
			isa = PBXGroup;
			children = (
				F30C38BC231D8B5D00719B10 /* main.swift */,
				F30C02F9235E282B00637608 /* GameManager.swift */,
				F30C02F5235E273000637608 /* Player.swift */,
				F346D940236B89B3009BC39C /* Warriors */,
				F38BAC0123662756008D3629 /* Weapon.swift */,
			);
			path = FrenchGameFactory;
			sourceTree = "<group>";
		};
		F346D940236B89B3009BC39C /* Warriors */ = {
			isa = PBXGroup;
			children = (
				F30C02F7235E279900637608 /* Warrior.swift */,
				F33F94D823608C2400262618 /* Archer.swift */,
				F33F94DA23609FEC00262618 /* Magus.swift */,
				F33F94DC23609FFC00262618 /* Knight.swift */,
				F33F94DE2360A00F00262618 /* Barbarian.swift */,
			);
			path = Warriors;
			sourceTree = "<group>";
		};
/* End PBXGroup section */

/* Begin PBXNativeTarget section */
		F30C38B8231D8B5C00719B10 /* FrenchGameFactory */ = {
			isa = PBXNativeTarget;
			buildConfigurationList = F30C38C0231D8B5D00719B10 /* Build configuration list for PBXNativeTarget "FrenchGameFactory" */;
			buildPhases = (
				F30C38B5231D8B5C00719B10 /* Sources */,
				F30C38B6231D8B5C00719B10 /* Frameworks */,
				F30C38B7231D8B5C00719B10 /* CopyFiles */,
			);
			buildRules = (
			);
			dependencies = (
			);
			name = FrenchGameFactory;
			productName = Test;
			productReference = F30C38B9231D8B5D00719B10 /* FrenchGameFactory */;
			productType = "com.apple.product-type.tool";
		};
/* End PBXNativeTarget section */

/* Begin PBXProject section */
		F30C38B1231D8B5C00719B10 /* Project object */ = {
			isa = PBXProject;
			attributes = {
				LastSwiftUpdateCheck = 1030;
				LastUpgradeCheck = 1030;
				ORGANIZATIONNAME = "SAKA Ridvan";
				TargetAttributes = {
					F30C38B8231D8B5C00719B10 = {
						CreatedOnToolsVersion = 10.3;
					};
				};
			};
			buildConfigurationList = F30C38B4231D8B5C00719B10 /* Build configuration list for PBXProject "FrenchGameFactory" */;
			compatibilityVersion = "Xcode 9.3";
			developmentRegion = en;
			hasScannedForEncodings = 0;
			knownRegions = (
				en,
			);
			mainGroup = F30C38B0231D8B5C00719B10;
			productRefGroup = F30C38BA231D8B5D00719B10 /* Products */;
			projectDirPath = "";
			projectRoot = "";
			targets = (
				F30C38B8231D8B5C00719B10 /* FrenchGameFactory */,
			);
		};
/* End PBXProject section */

/* Begin PBXSourcesBuildPhase section */
		F30C38B5231D8B5C00719B10 /* Sources */ = {
			isa = PBXSourcesBuildPhase;
			buildActionMask = 2147483647;
			files = (
				F30C02F8235E279900637608 /* Warrior.swift in Sources */,
				F30C02FA235E282B00637608 /* GameManager.swift in Sources */,
				F33F94DF2360A00F00262618 /* Barbarian.swift in Sources */,
				F30C02F6235E273000637608 /* Player.swift in Sources */,
				F30C38BD231D8B5D00719B10 /* main.swift in Sources */,
				F33F94D923608C2400262618 /* Archer.swift in Sources */,
				F38BAC0223662756008D3629 /* Weapon.swift in Sources */,
				F33F94DB23609FEC00262618 /* Magus.swift in Sources */,
				F33F94DD23609FFC00262618 /* Knight.swift in Sources */,
			);
			runOnlyForDeploymentPostprocessing = 0;
		};
/* End PBXSourcesBuildPhase section */

/* Begin XCBuildConfiguration section */
		F30C38BE231D8B5D00719B10 /* Debug */ = {
			isa = XCBuildConfiguration;
			buildSettings = {
				ALWAYS_SEARCH_USER_PATHS = NO;
				CLANG_ANALYZER_NONNULL = YES;
				CLANG_ANALYZER_NUMBER_OBJECT_CONVERSION = YES_AGGRESSIVE;
				CLANG_CXX_LANGUAGE_STANDARD = "gnu++14";
				CLANG_CXX_LIBRARY = "libc++";
				CLANG_ENABLE_MODULES = YES;
				CLANG_ENABLE_OBJC_ARC = YES;
				CLANG_ENABLE_OBJC_WEAK = YES;
				CLANG_WARN_BLOCK_CAPTURE_AUTORELEASING = YES;
				CLANG_WARN_BOOL_CONVERSION = YES;
				CLANG_WARN_COMMA = YES;
				CLANG_WARN_CONSTANT_CONVERSION = YES;
				CLANG_WARN_DEPRECATED_OBJC_IMPLEMENTATIONS = YES;
				CLANG_WARN_DIRECT_OBJC_ISA_USAGE = YES_ERROR;
				CLANG_WARN_DOCUMENTATION_COMMENTS = YES;
				CLANG_WARN_EMPTY_BODY = YES;
				CLANG_WARN_ENUM_CONVERSION = YES;
				CLANG_WARN_INFINITE_RECURSION = YES;
				CLANG_WARN_INT_CONVERSION = YES;
				CLANG_WARN_NON_LITERAL_NULL_CONVERSION = YES;
				CLANG_WARN_OBJC_IMPLICIT_RETAIN_SELF = YES;
				CLANG_WARN_OBJC_LITERAL_CONVERSION = YES;
				CLANG_WARN_OBJC_ROOT_CLASS = YES_ERROR;
				CLANG_WARN_RANGE_LOOP_ANALYSIS = YES;
				CLANG_WARN_STRICT_PROTOTYPES = YES;
				CLANG_WARN_SUSPICIOUS_MOVE = YES;
				CLANG_WARN_UNGUARDED_AVAILABILITY = YES_AGGRESSIVE;
				CLANG_WARN_UNREACHABLE_CODE = YES;
				CLANG_WARN__DUPLICATE_METHOD_MATCH = YES;
				CODE_SIGN_IDENTITY = "-";
				COPY_PHASE_STRIP = NO;
				DEBUG_INFORMATION_FORMAT = dwarf;
				ENABLE_STRICT_OBJC_MSGSEND = YES;
				ENABLE_TESTABILITY = YES;
				GCC_C_LANGUAGE_STANDARD = gnu11;
				GCC_DYNAMIC_NO_PIC = NO;
				GCC_NO_COMMON_BLOCKS = YES;
				GCC_OPTIMIZATION_LEVEL = 0;
				GCC_PREPROCESSOR_DEFINITIONS = (
					"DEBUG=1",
					"$(inherited)",
				);
				GCC_WARN_64_TO_32_BIT_CONVERSION = YES;
				GCC_WARN_ABOUT_RETURN_TYPE = YES_ERROR;
				GCC_WARN_UNDECLARED_SELECTOR = YES;
				GCC_WARN_UNINITIALIZED_AUTOS = YES_AGGRESSIVE;
				GCC_WARN_UNUSED_FUNCTION = YES;
				GCC_WARN_UNUSED_VARIABLE = YES;
				MACOSX_DEPLOYMENT_TARGET = 10.14;
				MTL_ENABLE_DEBUG_INFO = INCLUDE_SOURCE;
				MTL_FAST_MATH = YES;
				ONLY_ACTIVE_ARCH = YES;
				SDKROOT = macosx;
				SWIFT_ACTIVE_COMPILATION_CONDITIONS = DEBUG;
				SWIFT_OPTIMIZATION_LEVEL = "-Onone";
			};
			name = Debug;
		};
		F30C38BF231D8B5D00719B10 /* Release */ = {
			isa = XCBuildConfiguration;
			buildSettings = {
				ALWAYS_SEARCH_USER_PATHS = NO;
				CLANG_ANALYZER_NONNULL = YES;
				CLANG_ANALYZER_NUMBER_OBJECT_CONVERSION = YES_AGGRESSIVE;
				CLANG_CXX_LANGUAGE_STANDARD = "gnu++14";
				CLANG_CXX_LIBRARY = "libc++";
				CLANG_ENABLE_MODULES = YES;
				CLANG_ENABLE_OBJC_ARC = YES;
				CLANG_ENABLE_OBJC_WEAK = YES;
				CLANG_WARN_BLOCK_CAPTURE_AUTORELEASING = YES;
				CLANG_WARN_BOOL_CONVERSION = YES;
				CLANG_WARN_COMMA = YES;
				CLANG_WARN_CONSTANT_CONVERSION = YES;
				CLANG_WARN_DEPRECATED_OBJC_IMPLEMENTATIONS = YES;
				CLANG_WARN_DIRECT_OBJC_ISA_USAGE = YES_ERROR;
				CLANG_WARN_DOCUMENTATION_COMMENTS = YES;
				CLANG_WARN_EMPTY_BODY = YES;
				CLANG_WARN_ENUM_CONVERSION = YES;
				CLANG_WARN_INFINITE_RECURSION = YES;
				CLANG_WARN_INT_CONVERSION = YES;
				CLANG_WARN_NON_LITERAL_NULL_CONVERSION = YES;
				CLANG_WARN_OBJC_IMPLICIT_RETAIN_SELF = YES;
				CLANG_WARN_OBJC_LITERAL_CONVERSION = YES;
				CLANG_WARN_OBJC_ROOT_CLASS = YES_ERROR;
				CLANG_WARN_RANGE_LOOP_ANALYSIS = YES;
				CLANG_WARN_STRICT_PROTOTYPES = YES;
				CLANG_WARN_SUSPICIOUS_MOVE = YES;
				CLANG_WARN_UNGUARDED_AVAILABILITY = YES_AGGRESSIVE;
				CLANG_WARN_UNREACHABLE_CODE = YES;
				CLANG_WARN__DUPLICATE_METHOD_MATCH = YES;
				CODE_SIGN_IDENTITY = "-";
				COPY_PHASE_STRIP = NO;
				DEBUG_INFORMATION_FORMAT = "dwarf-with-dsym";
				ENABLE_NS_ASSERTIONS = NO;
				ENABLE_STRICT_OBJC_MSGSEND = YES;
				GCC_C_LANGUAGE_STANDARD = gnu11;
				GCC_NO_COMMON_BLOCKS = YES;
				GCC_WARN_64_TO_32_BIT_CONVERSION = YES;
				GCC_WARN_ABOUT_RETURN_TYPE = YES_ERROR;
				GCC_WARN_UNDECLARED_SELECTOR = YES;
				GCC_WARN_UNINITIALIZED_AUTOS = YES_AGGRESSIVE;
				GCC_WARN_UNUSED_FUNCTION = YES;
				GCC_WARN_UNUSED_VARIABLE = YES;
				MACOSX_DEPLOYMENT_TARGET = 10.14;
				MTL_ENABLE_DEBUG_INFO = NO;
				MTL_FAST_MATH = YES;
				SDKROOT = macosx;
				SWIFT_COMPILATION_MODE = wholemodule;
				SWIFT_OPTIMIZATION_LEVEL = "-O";
			};
			name = Release;
		};
		F30C38C1231D8B5D00719B10 /* Debug */ = {
			isa = XCBuildConfiguration;
			buildSettings = {
				CODE_SIGN_STYLE = Automatic;
				PRODUCT_NAME = "$(TARGET_NAME)";
				SWIFT_VERSION = 5.0;
			};
			name = Debug;
		};
		F30C38C2231D8B5D00719B10 /* Release */ = {
			isa = XCBuildConfiguration;
			buildSettings = {
				CODE_SIGN_STYLE = Automatic;
				PRODUCT_NAME = "$(TARGET_NAME)";
				SWIFT_VERSION = 5.0;
			};
			name = Release;
		};
/* End XCBuildConfiguration section */

/* Begin XCConfigurationList section */
		F30C38B4231D8B5C00719B10 /* Build configuration list for PBXProject "FrenchGameFactory" */ = {
			isa = XCConfigurationList;
			buildConfigurations = (
				F30C38BE231D8B5D00719B10 /* Debug */,
				F30C38BF231D8B5D00719B10 /* Release */,
			);
			defaultConfigurationIsVisible = 0;
			defaultConfigurationName = Release;
		};
		F30C38C0231D8B5D00719B10 /* Build configuration list for PBXNativeTarget "FrenchGameFactory" */ = {
			isa = XCConfigurationList;
			buildConfigurations = (
				F30C38C1231D8B5D00719B10 /* Debug */,
				F30C38C2231D8B5D00719B10 /* Release */,
			);
			defaultConfigurationIsVisible = 0;
			defaultConfigurationName = Release;
		};
/* End XCConfigurationList section */
	};
	rootObject = F30C38B1231D8B5C00719B10 /* Project object */;
}
